
Microsoft Visual Studio Solution File, Format Version 12.00
# Visual Studio 15
VisualStudioVersion = 15.0.27004.2010
MinimumVisualStudioVersion = 10.0.40219.1
Project("{FAE04EC0-301F-11D3-BF4B-00C04F79EFBC}") = "Project2", "Project2\Project2.csproj", "{DE7799DD-1770-4C13-BA34-5E950FC71E72}"
EndProject
Global
	GlobalSection(SolutionConfigurationPlatforms) = preSolution
		Debug|Any CPU = Debug|Any CPU
		Release|Any CPU = Release|Any CPU
	EndGlobalSection
	GlobalSection(ProjectConfigurationPlatforms) = postSolution
		{DE7799DD-1770-4C13-BA34-5E950FC71E72}.Debug|Any CPU.ActiveCfg = Debug|Any CPU
		{DE7799DD-1770-4C13-BA34-5E950FC71E72}.Debug|Any CPU.Build.0 = Debug|Any CPU
		{DE7799DD-1770-4C13-BA34-5E950FC71E72}.Release|Any CPU.ActiveCfg = Release|Any CPU
		{DE7799DD-1770-4C13-BA34-5E950FC71E72}.Release|Any CPU.Build.0 = Release|Any CPU
	EndGlobalSection
	GlobalSection(SolutionProperties) = preSolution
		HideSolutionNode = FALSE
	EndGlobalSection
	GlobalSection(ExtensibilityGlobals) = postSolution
		SolutionGuid = {CFE181E8-D145-45FD-A1DB-D3A68F078628}
	EndGlobalSection
EndGlobal
